
Microsoft Visual Studio Solution File, Format Version 12.00
# Visual Studio 15
VisualStudioVersion = 15.0.26124.0
MinimumVisualStudioVersion = 15.0.26124.0
Project("{FAE04EC0-301F-11D3-BF4B-00C04F79EFBC}") = "API", "API\API.csproj", "{CD66F648-6232-4C33-96AD-BEF5174A7F8D}"
EndProject
Project("{FAE04EC0-301F-11D3-BF4B-00C04F79EFBC}") = "Core", "Core\Core.csproj", "{DDEAFE1B-E292-43A4-849E-24807534F54D}"
EndProject
Project("{FAE04EC0-301F-11D3-BF4B-00C04F79EFBC}") = "Infrastructure", "Infrastructure\Infrastructure.csproj", "{EA02C8E6-22F0-41A4-B1BB-D081C9F9DE8E}"
EndProject
Global
	GlobalSection(SolutionConfigurationPlatforms) = preSolution
		Debug|Any CPU = Debug|Any CPU
		Debug|x64 = Debug|x64
		Debug|x86 = Debug|x86
		Release|Any CPU = Release|Any CPU
		Release|x64 = Release|x64
		Release|x86 = Release|x86
	EndGlobalSection
	GlobalSection(SolutionProperties) = preSolution
		HideSolutionNode = FALSE
	EndGlobalSection
	GlobalSection(ProjectConfigurationPlatforms) = postSolution
		{CD66F648-6232-4C33-96AD-BEF5174A7F8D}.Debug|Any CPU.ActiveCfg = Debug|Any CPU
		{CD66F648-6232-4C33-96AD-BEF5174A7F8D}.Debug|Any CPU.Build.0 = Debug|Any CPU
		{CD66F648-6232-4C33-96AD-BEF5174A7F8D}.Debug|x64.ActiveCfg = Debug|Any CPU
		{CD66F648-6232-4C33-96AD-BEF5174A7F8D}.Debug|x64.Build.0 = Debug|Any CPU
		{CD66F648-6232-4C33-96AD-BEF5174A7F8D}.Debug|x86.ActiveCfg = Debug|Any CPU
		{CD66F648-6232-4C33-96AD-BEF5174A7F8D}.Debug|x86.Build.0 = Debug|Any CPU
		{CD66F648-6232-4C33-96AD-BEF5174A7F8D}.Release|Any CPU.ActiveCfg = Release|Any CPU
		{CD66F648-6232-4C33-96AD-BEF5174A7F8D}.Release|Any CPU.Build.0 = Release|Any CPU
		{CD66F648-6232-4C33-96AD-BEF5174A7F8D}.Release|x64.ActiveCfg = Release|Any CPU
		{CD66F648-6232-4C33-96AD-BEF5174A7F8D}.Release|x64.Build.0 = Release|Any CPU
		{CD66F648-6232-4C33-96AD-BEF5174A7F8D}.Release|x86.ActiveCfg = Release|Any CPU
		{CD66F648-6232-4C33-96AD-BEF5174A7F8D}.Release|x86.Build.0 = Release|Any CPU
		{DDEAFE1B-E292-43A4-849E-24807534F54D}.Debug|Any CPU.ActiveCfg = Debug|Any CPU
		{DDEAFE1B-E292-43A4-849E-24807534F54D}.Debug|Any CPU.Build.0 = Debug|Any CPU
		{DDEAFE1B-E292-43A4-849E-24807534F54D}.Debug|x64.ActiveCfg = Debug|Any CPU
		{DDEAFE1B-E292-43A4-849E-24807534F54D}.Debug|x64.Build.0 = Debug|Any CPU
		{DDEAFE1B-E292-43A4-849E-24807534F54D}.Debug|x86.ActiveCfg = Debug|Any CPU
		{DDEAFE1B-E292-43A4-849E-24807534F54D}.Debug|x86.Build.0 = Debug|Any CPU
		{DDEAFE1B-E292-43A4-849E-24807534F54D}.Release|Any CPU.ActiveCfg = Release|Any CPU
		{DDEAFE1B-E292-43A4-849E-24807534F54D}.Release|Any CPU.Build.0 = Release|Any CPU
		{DDEAFE1B-E292-43A4-849E-24807534F54D}.Release|x64.ActiveCfg = Release|Any CPU
		{DDEAFE1B-E292-43A4-849E-24807534F54D}.Release|x64.Build.0 = Release|Any CPU
		{DDEAFE1B-E292-43A4-849E-24807534F54D}.Release|x86.ActiveCfg = Release|Any CPU
		{DDEAFE1B-E292-43A4-849E-24807534F54D}.Release|x86.Build.0 = Release|Any CPU
		{EA02C8E6-22F0-41A4-B1BB-D081C9F9DE8E}.Debug|Any CPU.ActiveCfg = Debug|Any CPU
		{EA02C8E6-22F0-41A4-B1BB-D081C9F9DE8E}.Debug|Any CPU.Build.0 = Debug|Any CPU
		{EA02C8E6-22F0-41A4-B1BB-D081C9F9DE8E}.Debug|x64.ActiveCfg = Debug|Any CPU
		{EA02C8E6-22F0-41A4-B1BB-D081C9F9DE8E}.Debug|x64.Build.0 = Debug|Any CPU
		{EA02C8E6-22F0-41A4-B1BB-D081C9F9DE8E}.Debug|x86.ActiveCfg = Debug|Any CPU
		{EA02C8E6-22F0-41A4-B1BB-D081C9F9DE8E}.Debug|x86.Build.0 = Debug|Any CPU
		{EA02C8E6-22F0-41A4-B1BB-D081C9F9DE8E}.Release|Any CPU.ActiveCfg = Release|Any CPU
		{EA02C8E6-22F0-41A4-B1BB-D081C9F9DE8E}.Release|Any CPU.Build.0 = Release|Any CPU
		{EA02C8E6-22F0-41A4-B1BB-D081C9F9DE8E}.Release|x64.ActiveCfg = Release|Any CPU
		{EA02C8E6-22F0-41A4-B1BB-D081C9F9DE8E}.Release|x64.Build.0 = Release|Any CPU
		{EA02C8E6-22F0-41A4-B1BB-D081C9F9DE8E}.Release|x86.ActiveCfg = Release|Any CPU
		{EA02C8E6-22F0-41A4-B1BB-D081C9F9DE8E}.Release|x86.Build.0 = Release|Any CPU
	EndGlobalSection
EndGlobal
